
Microsoft Visual Studio Solution File, Format Version 12.00
# Visual Studio 2012
Project("{8BC9CEB8-8B4A-11D0-8D11-00A0C91BC942}") = "filtracja8", "filtracja8.vcxproj", "{7F15B5CE-B6EB-4D87-B14C-E17EED84D9CC}"
EndProject
Global
	GlobalSection(SolutionConfigurationPlatforms) = preSolution
		Debug|Win32 = Debug|Win32
		Release|Win32 = Release|Win32
	EndGlobalSection
	GlobalSection(ProjectConfigurationPlatforms) = postSolution
		{7F15B5CE-B6EB-4D87-B14C-E17EED84D9CC}.Debug|Win32.ActiveCfg = Debug|Win32
		{7F15B5CE-B6EB-4D87-B14C-E17EED84D9CC}.Debug|Win32.Build.0 = Debug|Win32
		{7F15B5CE-B6EB-4D87-B14C-E17EED84D9CC}.Release|Win32.ActiveCfg = Release|Win32
		{7F15B5CE-B6EB-4D87-B14C-E17EED84D9CC}.Release|Win32.Build.0 = Release|Win32
	EndGlobalSection
	GlobalSection(SolutionProperties) = preSolution
		HideSolutionNode = FALSE
	EndGlobalSection
EndGlobal
